
Microsoft Visual Studio Solution File, Format Version 12.00
# Visual Studio 14
VisualStudioVersion = 14.0.23107.0
MinimumVisualStudioVersion = 10.0.40219.1
Project("{FAE04EC0-301F-11D3-BF4B-00C04F79EFBC}") = "IoContent.Sdk", "IoContent.Sdk\IoContent.Sdk.csproj", "{6A09C0C5-7C07-46D6-A3D0-DA21A2AF9D66}"
EndProject
Project("{FAE04EC0-301F-11D3-BF4B-00C04F79EFBC}") = "IoContent.Sdk.Tests", "IoContent.Sdk.Tests\IoContent.Sdk.Tests.csproj", "{F953E1C5-DDEE-4B44-A393-DCBD01D450A2}"
EndProject
Global
	GlobalSection(SolutionConfigurationPlatforms) = preSolution
		Debug|Any CPU = Debug|Any CPU
		Release|Any CPU = Release|Any CPU
	EndGlobalSection
	GlobalSection(ProjectConfigurationPlatforms) = postSolution
		{6A09C0C5-7C07-46D6-A3D0-DA21A2AF9D66}.Debug|Any CPU.ActiveCfg = Debug|Any CPU
		{6A09C0C5-7C07-46D6-A3D0-DA21A2AF9D66}.Debug|Any CPU.Build.0 = Debug|Any CPU
		{6A09C0C5-7C07-46D6-A3D0-DA21A2AF9D66}.Release|Any CPU.ActiveCfg = Release|Any CPU
		{6A09C0C5-7C07-46D6-A3D0-DA21A2AF9D66}.Release|Any CPU.Build.0 = Release|Any CPU
		{F953E1C5-DDEE-4B44-A393-DCBD01D450A2}.Debug|Any CPU.ActiveCfg = Debug|Any CPU
		{F953E1C5-DDEE-4B44-A393-DCBD01D450A2}.Debug|Any CPU.Build.0 = Debug|Any CPU
		{F953E1C5-DDEE-4B44-A393-DCBD01D450A2}.Release|Any CPU.ActiveCfg = Release|Any CPU
		{F953E1C5-DDEE-4B44-A393-DCBD01D450A2}.Release|Any CPU.Build.0 = Release|Any CPU
	EndGlobalSection
	GlobalSection(SolutionProperties) = preSolution
		HideSolutionNode = FALSE
	EndGlobalSection
EndGlobal
